NeoBundleLock AsyncCommand d20824dbff16331e14ef2484fb34874e3d729220
NeoBundleLock NrrwRgn 4b3c6cd3a45e0de584893113b732baf85c4d2c03
NeoBundleLock QFEnter 847066d71516622f147cc2dd0e5ce838aa312e31
NeoBundleLock UltiSnips 5f88199e373a7eea4644b8dc1ff433688e8f2ebd
NeoBundleLock Vim-R-plugin 0addf1618a8d95ed3da43e24e56ff7a01f4db498
NeoBundleLock Windows-PowerShell-Syntax-Plugin 97441cc0cca1426cede7463dceabdb43916ad589
NeoBundleLock ack.vim 0a7d28bfb130696f73d122cac99d8903e066c896
NeoBundleLock apiblueprint.vim ea46ce2e08b1c38d62e51e1f3d0235c387976172
NeoBundleLock base16-vim e711e9b1412b55fec7e8a5cff4ac5c06f9078729
NeoBundleLock context_filetype.vim 180af5faec359926d1259b262b5def9179cdf9ca
NeoBundleLock dash.vim f74a0a3e6eaa3134ad06610f73658509952dd66e
NeoBundleLock deoplete.nvim 72ef406830e23e58f42c333a148ae4b7cece22d9
NeoBundleLock git-flow-format ac63d8b610e0b101629a0169ccb7bb73d6000a63
NeoBundleLock gruvbox 3f228101cdd5ae818415c7ebbcb42078c2476ea3
NeoBundleLock incsearch-easymotion.vim fcdd3aee6f4c0eef1a515727199ece8d6c6041b5
NeoBundleLock incsearch-fuzzy.vim c0e5846cb9d93d4407dbe57d66b268bd7a097951
NeoBundleLock incsearch.vim a4ff1747661b22e1d743fe51c66b8d79909f86ce
NeoBundleLock linediff.vim 0c60eb4de8827d762137e7d956219ee7f5b67494
NeoBundleLock matchit.zip ced6c409c9beeb0b4142d21906606bd194411d1d
NeoBundleLock mustache.vim 0c3900b42a81ec79885cf984ad33b2280697c7c9
NeoBundleLock neobundle.vim 2634caebef78bab90b52ee246130a4b100d6e229
NeoBundleLock neoyank.vim a9a44e02c7b8050cb125803807585f5a6ead2d2e
NeoBundleLock nerdtree 4ebbb533c3faf2c480211db2b547972bb3b60f2b
NeoBundleLock open-browser.vim fde2c45cb645117af496f8cf53915273ed8813dd
NeoBundleLock presenting.vim 844962946097810797c606871b0b310ee774348b
NeoBundleLock prolog.vim 280a5ec5d219900042585a862e5fab0c44dcd733
NeoBundleLock supertab 66511772a430a5eaad7f7d03dbb02e8f33c4a641
NeoBundleLock tabpagebuffer.vim 4d95c3e6fa5ad887498f4cbe486c11e39d4a1fbc
NeoBundleLock tabular 60f25648814f0695eeb6c1040d97adca93c4e0bb
NeoBundleLock tagbar 7b36c46d17d57db34fdb0adac9ba6382d0bb5e66
NeoBundleLock undotree 39e5cf0fc241c64e920f91d52299b444475d54df
NeoBundleLock unite-colorscheme 3aa33866a183f7659594a3f6b66b2334eaebc6a0
NeoBundleLock unite-filetype ab9721b9c3c9e837623fba1aee4dd80ea377856b
NeoBundleLock unite-font cbe801830084d48d177b58dc8d8bfdc010954ed0
NeoBundleLock unite-help f61cbf4015c143ebe6ca6cb589b088665a8325cd
NeoBundleLock unite-outline 766d921e859eb54a7ac7c45c4052df7121ea6347
NeoBundleLock unite-projects c77d565fe8587db8f6f09bae1ed1328772ceb509
NeoBundleLock unite-quickfix f9b8d5f95ff2536abca1e81bd67dc740e5ee24a6
NeoBundleLock unite-tag 269244ea5e580182aa7827f8b969e7a7594049be
NeoBundleLock unite.vim c9ce3b13c19352e3b791db227aa373c0b028d656
NeoBundleLock vim-airline 8afd72d886f90c2f6632545691920c51920bbee0
NeoBundleLock vim-bundler b42217a20cd4cac5a00096dc4e98d2497c21b3fe
NeoBundleLock vim-colors-solarized 528a59f26d12278698bb946f8fb82a63711eec21
NeoBundleLock vim-commentary e0f4850d78137a35b9461c530078bd77f39e4dce
NeoBundleLock vim-csharp dd18ee278ebe37d3e24d38fb418246e986977f0b
NeoBundleLock vim-dispatch 2e42270923f165e6fee8d051030448b3b22b3c7a
NeoBundleLock vim-easymotion 799491e007515890aff363b6eac5dbc9c5aa7f80
NeoBundleLock vim-ember-cli-test-runner 7bf37ab8354199f9957b715731302f326257d97e
NeoBundleLock vim-endwise 0067ceda37725d01b7bd5bf249d63b1b5d4e2ab4
NeoBundleLock vim-eunuch eb8b2d54fb537ee93f762f6331265057a3f69727
NeoBundleLock vim-expand-region 966513543de0ddc2d673b5528a056269e7917276
NeoBundleLock vim-gitgutter 4510e9b33506b4b09168c99934c42ee1ce89bba2
NeoBundleLock vim-heroku 13351fae74cc9e9e86d6421bab8499a1c9359cef
NeoBundleLock vim-indent-object 1d3e4aac0117d57c3e1aaaa7e5a99f1d7553e01b
NeoBundleLock vim-lucius 770dc0da1d1ce0c21e2d54191aae8f0e6012b6a5
NeoBundleLock vim-operator-replace 1345a556a321a092716e149d4765a5e17c0e9f0f
NeoBundleLock vim-operator-user c3dfd41c1ed516b4b901c97562e644de62c367aa
NeoBundleLock vim-polyglot f8a0fb37bf57fdf705747cc3aacbe50b6b2d6482
NeoBundleLock vim-prettyprint 8a2121daeb5d40c128000d381b3dbcda40ba067f
NeoBundleLock vim-projectionist 372d529d22ac6d2952472438157ee03b7a3fd8ae
NeoBundleLock vim-quickrun da5328d0aec495e4dc25232fd769a8a2e56d8f7d
NeoBundleLock vim-rails fc5d7792afbebc7bef8de1e3a00713bba2932a24
NeoBundleLock vim-rake 82ad45543f0d13dfa7d3f59ca4cd54d0e145417f
NeoBundleLock vim-repeat 7a6675f092842c8f81e71d5345bd7cdbf3759415
NeoBundleLock vim-rsi b689ee4276d82feb21b21661a6500755ff6b2fde
NeoBundleLock vim-scriptease 3fa4aabaecc00a3ccec376d8e6e1af19465eefe2
NeoBundleLock vim-sensible 680a5c693213daa158c816f068fffa895d961dc9
NeoBundleLock vim-snippets 0fc7fd1181f33b26c015d0f306d149b756f9d679
NeoBundleLock vim-surround 2d05440ad23f97a7874ebd9b5de3a0e65d25d85c
NeoBundleLock vim-textobj-anyblock e70d174611c301c56e34072e612c3556d3a3fc2e
NeoBundleLock vim-textobj-between b4986c108a6c335d9619fc035b8c0d3f6f0b8183
NeoBundleLock vim-textobj-multiblock 670a5ba57d73fcd793f480e262617c6eb0103355
NeoBundleLock vim-textobj-user a3054162c09bcf732624f43ddacbd85dad09713b
NeoBundleLock vim-transpose bdb00d2aeb3bdf9366f01a3bee4fb142d78278f9
NeoBundleLock vim-unimpaired 11dc568dbfd7a56866a4354c737515769f08e9fe
NeoBundleLock vim-unite-issue ea16adb819deb555aff0dda801ce04437104bbc1
NeoBundleLock vim-vroom e8c0264fa72923142a2895a579452e2f947fe5e5
NeoBundleLock vimfiler.vim ee027382ca32c40eae1d4f2752be0fbd49d97e4a
NeoBundleLock vimproc aa075b9b56839e1adb08421d2e9837f90e59acad
NeoBundleLock vimwiki 3bd3d9b86036b21aecd69f0a1e572643d626c280
NeoBundleLock vinarise.vim 289fc39a53ef7f3618264a69c5199fcce0c64929
NeoBundleLock vital.vim e0ecbbd009100e9403f328a8cd1d950d6530ee3d
NeoBundleLock webapi-vim dfc60635e610f9200646a84d11887af9e3d50b10
