NeoBundleLock AsyncCommand d20824dbff16331e14ef2484fb34874e3d729220
NeoBundleLock NrrwRgn bafb82605e42cfb608cfde205be251e0acd75d62
NeoBundleLock UltiSnips 90dc0a267fd0f445eb01fb00f1fae5a6ad0ff997
NeoBundleLock VB.NET-Syntax d054386ad71244ecf51e172c06c37bbccfd056e0
NeoBundleLock Vim-R-plugin a8b28a8e54cfd7f0a2da54d5b5f3d2f867eff8fc
NeoBundleLock Windows-PowerShell-Syntax-Plugin 97441cc0cca1426cede7463dceabdb43916ad589
NeoBundleLock ack.vim 0a7d28bfb130696f73d122cac99d8903e066c896
NeoBundleLock apiblueprint.vim b095c3954572bef2dc74d4dc28918c7c82e7b50e
NeoBundleLock base16-vim e711e9b1412b55fec7e8a5cff4ac5c06f9078729
NeoBundleLock bubblegum 29dd233c8593ec60d01ef92182a61ee6617ec9b7
NeoBundleLock candy.vim 0572bb3668dbc392271c38c205d7a10b536a86f4
NeoBundleLock ctrlp.vim b5d3fe66a58a13d2ff8b6391f4387608496a030f
NeoBundleLock cypher-vim-syntax ef01e866a6e7f93bd90641a1e4dbac6cfe6ca00b
NeoBundleLock dash.vim c96bf099123165e226e2c976ec50c4ecc8ce11f4
NeoBundleLock funcoo.vim acb0b4f38f26ecd7760b893ef8c2b2183e280d63
NeoBundleLock git-flow-format ac63d8b610e0b101629a0169ccb7bb73d6000a63
NeoBundleLock gruvbox 3dba3e946605e953195178826cda01fb1c3ce0f5
NeoBundleLock gundo.vim 3975ac871565115e3769dc69c06bc88ddc1369af
NeoBundleLock jellybeans.vim f931895c20681684278aef2ffd810730b9c36ec3
NeoBundleLock junkfile.vim 959b3137dda456789d402b416d962baefc3b5ab4
NeoBundleLock landscape.vim badf04bdf7eb5ca9d92d9dce4af661ad157d6f75
NeoBundleLock linediff.vim 91476b8d44dd01190a151af195cbc4109f50a1c6
NeoBundleLock mango.vim 7af1e00e9068d4c1010a05626030eb0bf64365d7
NeoBundleLock matchit.zip ced6c409c9beeb0b4142d21906606bd194411d1d
NeoBundleLock molokai db8ce13b3737d3ddea8368498183d7c204a762eb
NeoBundleLock mustache.vim 0c3900b42a81ec79885cf984ad33b2280697c7c9
NeoBundleLock neobundle.vim 0968d1f321edddfe87d7dbcdfaa1ab8fb44f7dc9
NeoBundleLock nerdtree 8c7534bc9e1d0c2f18bf94c1440c4ae6b102b5d6
NeoBundleLock nuvola.vim 19b92e0abfa9def101ae8a17d3abc49e857cdcdd
NeoBundleLock prolog.vim d80166c29d95a5d32ed3a906e2dc8111a4a5a012
NeoBundleLock rust.vim fa1bccc2bfc223326fb28869ed0461f39c7fa04a
NeoBundleLock supertab 9f7da6d4988daf863ebc414f221bb12c2614f59e
NeoBundleLock tabular 60f25648814f0695eeb6c1040d97adca93c4e0bb
NeoBundleLock tagbar 7b36c46d17d57db34fdb0adac9ba6382d0bb5e66
NeoBundleLock tmuxline.vim 1e638ef6b2673130db123f25b1ae1160c5289bb8
NeoBundleLock unite-colorscheme 3aa33866a183f7659594a3f6b66b2334eaebc6a0
NeoBundleLock unite-font cbe801830084d48d177b58dc8d8bfdc010954ed0
NeoBundleLock unite-help f61cbf4015c143ebe6ca6cb589b088665a8325cd
NeoBundleLock unite-outline 0686316a5bd40f10cfd153d3c2d4c4dcfc1ab10a
NeoBundleLock unite-projects b56523138265ae4d942b2a59b6211d85f0a25c05
NeoBundleLock unite-quickfix f9b8d5f95ff2536abca1e81bd67dc740e5ee24a6
NeoBundleLock unite-tag 615de75f6d3e9f1c7daea189c8106c28a002d19b
NeoBundleLock unite.vim 771f33c201d85602a225045553720d2659bd04e5
NeoBundleLock vim-abolish e6a170cda8ee542ec5f1384c9643d4330ee6b181
NeoBundleLock vim-airline cdc6d98a09db60d3dda58815616f78338cbdaa9d
NeoBundleLock vim-bundler b42217a20cd4cac5a00096dc4e98d2497c21b3fe
NeoBundleLock vim-coffee-script 32fe889b8cafd3a4921ef8e6485156453ff58c42
NeoBundleLock vim-colors-solarized 528a59f26d12278698bb946f8fb82a63711eec21
NeoBundleLock vim-colorschemes 6e73d5b236ecc8bb1788da60455dfa00d46f7b87
NeoBundleLock vim-commentary e0f4850d78137a35b9461c530078bd77f39e4dce
NeoBundleLock vim-csharp dd18ee278ebe37d3e24d38fb418246e986977f0b
NeoBundleLock vim-dispatch 69fea418692f76058d5cd95f0a17ed6b0f5bbb77
NeoBundleLock vim-distinguished 62b360dc81355b53d124cd06218a9ba2496563fc
NeoBundleLock vim-elixir f2c747da5edd92c8430b9f1fdfe117467cf1551e
NeoBundleLock vim-ember-cli-test-runner 7bf37ab8354199f9957b715731302f326257d97e
NeoBundleLock vim-ember-script 652d2ededf0a640e3d06f30ed86e6c1e6ffb7d2c
NeoBundleLock vim-emblem 40510bb407b50e5c4949f3d9ecb55a8b2f4341bb
NeoBundleLock vim-endwise f06abe3d6eca6f6ebfc31ea3163a51575f450df6
NeoBundleLock vim-eunuch eb8b2d54fb537ee93f762f6331265057a3f69727
NeoBundleLock vim-fugitive b7b23001def8d2ae816ff6dd772cd50976189e0e
NeoBundleLock vim-haml 204e32721154766e03e99ff857bc798aa5b741dc
NeoBundleLock vim-heroku 13351fae74cc9e9e86d6421bab8499a1c9359cef
NeoBundleLock vim-indent-object 1d3e4aac0117d57c3e1aaaa7e5a99f1d7553e01b
NeoBundleLock vim-irblack 59622caff32a7925181ab139701fad3eee54ae51
NeoBundleLock vim-jade fb47bb8303e81fc17b4340ccd01a462332f7d90a
NeoBundleLock vim-less 6fae407f7ed666a6dd0fb596e67df8787dccca59
NeoBundleLock vim-lucius 770dc0da1d1ce0c21e2d54191aae8f0e6012b6a5
NeoBundleLock vim-luna 633619953dcf8577168e255230f96b05f28d6371
NeoBundleLock vim-mac-classic-theme 8bf9e3d96a0988849e8dd9954d443857191c8639
NeoBundleLock vim-markdown ba294150d192d40e51d749e30a7079977eb23a0b
NeoBundleLock vim-projectionist 372d529d22ac6d2952472438157ee03b7a3fd8ae
NeoBundleLock vim-puppet d881b93dc4a8ed1374ad44439aeeb47808a6b91a
NeoBundleLock vim-rails 3faec770ea9765ae589bdcb615f8998cab2f6a76
NeoBundleLock vim-railscasts c796a58a408462fc15877747a6ebd95780472050
NeoBundleLock vim-rake 82ad45543f0d13dfa7d3f59ca4cd54d0e145417f
NeoBundleLock vim-repeat 7a6675f092842c8f81e71d5345bd7cdbf3759415
NeoBundleLock vim-rsi dfc5288097b83d1eb3173d8be348a11f3d467d8e
NeoBundleLock vim-ruby 2fe43c05c99adb8b3387111c8997dbdbd5b4ca15
NeoBundleLock vim-scriptease 3fa4aabaecc00a3ccec376d8e6e1af19465eefe2
NeoBundleLock vim-sensible d0beb8ab42627bea2c747564ca46ec663e3ba0ba
NeoBundleLock vim-sneak c6b5708db5fc79abf6c734f8b30ba4369baf6c0f
NeoBundleLock vim-snippets 93c4b32b4d7c7abd742518bcf92ab93ae4b43d54
NeoBundleLock vim-stylus ff3c867162673fe8a9cb36466d1ef1a89ce789cc
NeoBundleLock vim-surround 2d05440ad23f97a7874ebd9b5de3a0e65d25d85c
NeoBundleLock vim-swift a0f827964ec5066e3f5748004626a7e31094cf3d
NeoBundleLock vim-tmux b34520fa1daa17b2e3b67c63e3d2dd41081aade1
NeoBundleLock vim-toml 5eb0d96e47023273835f2817878c8dd97b731f1d
NeoBundleLock vim-toml-enhance fa7cbba3185a0cc5d60c68a29ca9c5415d82f146
NeoBundleLock vim-trailing-whitespace 478b217d299b6f5938b43a4929d6bb0907cc3a56
NeoBundleLock vim-transpose bdb00d2aeb3bdf9366f01a3bee4fb142d78278f9
NeoBundleLock vim-unimpaired 23f471ad0f00e2fab097f9d67ffd770881d4b35a
NeoBundleLock vim-vroom e8c0264fa72923142a2895a579452e2f947fe5e5
NeoBundleLock vimproc 7190c920c29a3612d9144df4cf9527e016362cef
NeoBundleLock vimshell.vim a1f9a2010bea4b109341f1e2411a32839a8547b3
NeoBundleLock vimwiki cb5c38a575bcdffa52747aef962dc9d61c7a8207
NeoBundleLock vital.vim f82f14fd1b5946dccb02dfded1ed636a41e55e18
