NeoBundleLock AsyncCommand ae4822181673d955e20dbee9181038b2a6666da3
NeoBundleLock NrrwRgn f84e00792165a5437ebe09fa2875b45199781169
NeoBundleLock UltiSnips 90dc0a267fd0f445eb01fb00f1fae5a6ad0ff997
NeoBundleLock VB.NET-Syntax d054386ad71244ecf51e172c06c37bbccfd056e0
NeoBundleLock Vim-R-plugin 275f688afeebb5135d03da9a06ad8c743da21ed0
NeoBundleLock Windows-PowerShell-Syntax-Plugin 97441cc0cca1426cede7463dceabdb43916ad589
NeoBundleLock ZoomWin cf21ce1f4bfec10fe7e446c08e9e647a2a234e03
NeoBundleLock ack.vim 303bceff1c8ab1145d114083582b1aeac9de7a85
NeoBundleLock bubblegum ce3e519d6d21bdfaffa1fd4bc34fca1f482d0408
NeoBundleLock candy.vim 0572bb3668dbc392271c38c205d7a10b536a86f4
NeoBundleLock ctrlp.vim b5d3fe66a58a13d2ff8b6391f4387608496a030f
NeoBundleLock cypher-vim-syntax ef01e866a6e7f93bd90641a1e4dbac6cfe6ca00b
NeoBundleLock dash.vim 8dc25d544d567a86e00a97df1afe92caad3dfbfb
NeoBundleLock funcoo.vim acb0b4f38f26ecd7760b893ef8c2b2183e280d63
NeoBundleLock gundo.vim 3975ac871565115e3769dc69c06bc88ddc1369af
NeoBundleLock jellybeans.vim 0761708c890becd3e027551068e0ae272da003e0
NeoBundleLock junkfile.vim 959b3137dda456789d402b416d962baefc3b5ab4
NeoBundleLock landscape.vim 08b46d7e72560ebbe48ba0d449e0fc30421a42e0
NeoBundleLock linediff.vim 0ad35a8ffc01b6208604c878504b142092437be4
NeoBundleLock matchit.zip ced6c409c9beeb0b4142d21906606bd194411d1d
NeoBundleLock molokai db8ce13b3737d3ddea8368498183d7c204a762eb
NeoBundleLock mustache.vim 0c3900b42a81ec79885cf984ad33b2280697c7c9
NeoBundleLock neobundle.vim 27c473e6b8c0d9aef620d4a993615a5537175e36
NeoBundleLock nerdtree 3b98a7fcae8f9fff356907171f0406ff8cd28921
NeoBundleLock nuvola.vim 19b92e0abfa9def101ae8a17d3abc49e857cdcdd
NeoBundleLock prolog.vim d80166c29d95a5d32ed3a906e2dc8111a4a5a012
NeoBundleLock supertab 454c06e25680799b6f408622d6bfbaf920ace825
NeoBundleLock tabular 60f25648814f0695eeb6c1040d97adca93c4e0bb
NeoBundleLock tagbar 00dfa82b00e734b453153564efeec933c48087f0
NeoBundleLock tmuxline.vim 1e638ef6b2673130db123f25b1ae1160c5289bb8
NeoBundleLock unite-colorscheme 3aa33866a183f7659594a3f6b66b2334eaebc6a0
NeoBundleLock unite-font cbe801830084d48d177b58dc8d8bfdc010954ed0
NeoBundleLock unite-help f61cbf4015c143ebe6ca6cb589b088665a8325cd
NeoBundleLock unite-outline 08e0a89494bbba2e040eebbfec894b5749c0c0e2
NeoBundleLock unite-projects b56523138265ae4d942b2a59b6211d85f0a25c05
NeoBundleLock unite-quickfix f9b8d5f95ff2536abca1e81bd67dc740e5ee24a6
NeoBundleLock unite-tag c01dd03c4345934af3d4d74e3feca0614fd3003f
NeoBundleLock unite.vim 8460f6502e3961db1acb972b9b888db2b43327cf
NeoBundleLock vim-abolish 665bed73aded4049a6d9bdaf3c87ee69af983abb
NeoBundleLock vim-airline 925147baef70a9e214f70d30fb61c86db11eae49
NeoBundleLock vim-bundler 48abb774c72732a75f8ab05ee7493b1041dd8ae8
NeoBundleLock vim-coffee-script 827e4a38b07479433b619091469a7495a392df8a
NeoBundleLock vim-colors-solarized 528a59f26d12278698bb946f8fb82a63711eec21
NeoBundleLock vim-colorschemes 6e73d5b236ecc8bb1788da60455dfa00d46f7b87
NeoBundleLock vim-commentary 9c685131a5facfa0d643feca3a61b41c007d8170
NeoBundleLock vim-csharp dd18ee278ebe37d3e24d38fb418246e986977f0b
NeoBundleLock vim-dispatch 77455b92048bb00fef752be1218a174a05d0c2b6
NeoBundleLock vim-distinguished 62b360dc81355b53d124cd06218a9ba2496563fc
NeoBundleLock vim-elixir d59784e7afbd0d55c501e40c43b57cbe6f6e04c2
NeoBundleLock vim-ember-cli-test-runner 796a9108b777301dceee7dca82e31f9ee8a7c2c1
NeoBundleLock vim-ember-script 652d2ededf0a640e3d06f30ed86e6c1e6ffb7d2c
NeoBundleLock vim-emblem 40510bb407b50e5c4949f3d9ecb55a8b2f4341bb
NeoBundleLock vim-endwise bba43b831ae0485cf9b86d16340a6a314b927391
NeoBundleLock vim-eunuch 8c996336ceecbfb7290c7c9b409195f190866548
NeoBundleLock vim-fugitive 933f6a1e1df549564062f936bd1c836d28cf1676
NeoBundleLock vim-haml 204e32721154766e03e99ff857bc798aa5b741dc
NeoBundleLock vim-heroku 13351fae74cc9e9e86d6421bab8499a1c9359cef
NeoBundleLock vim-indent-object 78fffa609b3e6b84ef01ee4c9aba6d7435d7b18e
NeoBundleLock vim-irblack 59622caff32a7925181ab139701fad3eee54ae51
NeoBundleLock vim-jade 5f907c23e9625c3353245777d570558ee7e54345
NeoBundleLock vim-less 940a8defa0576385dee1ad177bab0b34738540aa
NeoBundleLock vim-luna 633619953dcf8577168e255230f96b05f28d6371
NeoBundleLock vim-mac-classic-theme 8bf9e3d96a0988849e8dd9954d443857191c8639
NeoBundleLock vim-markdown 409c37b205afa2f9d590e23de8171482d66770e2
NeoBundleLock vim-projectionist c24d41217db4f1a8d6f597ab4916b6323bd8705b
NeoBundleLock vim-puppet d881b93dc4a8ed1374ad44439aeeb47808a6b91a
NeoBundleLock vim-rails 5f9da92cda40dfa8d63899a9f60d7e8782a3cff8
NeoBundleLock vim-railscasts c796a58a408462fc15877747a6ebd95780472050
NeoBundleLock vim-rake afd766e87bc6d01eebc967218a41253f6161d306
NeoBundleLock vim-repeat b06684a19549a45c91f36dc47dc55525e4c9c994
NeoBundleLock vim-rsi dfc5288097b83d1eb3173d8be348a11f3d467d8e
NeoBundleLock vim-ruby 58d5306294738b55b3c1633fbb9bea6850796c62
NeoBundleLock vim-scriptease 2cec496b1d94804c1892fd9455cd50aeabe4005a
NeoBundleLock vim-sensible b30dcf387af977acfa21732592bfca05598b2188
NeoBundleLock vim-sneak 565c2ef37b3a05c33466805dc1fefa19669bb793
NeoBundleLock vim-stylus d28d8711b0b8b6616b2fd2b8faab74822be24165
NeoBundleLock vim-surround fd75eb2cb2ffe85a457445cb152d5a6c7acda140
NeoBundleLock vim-swift a0f827964ec5066e3f5748004626a7e31094cf3d
NeoBundleLock vim-tmux b34520fa1daa17b2e3b67c63e3d2dd41081aade1
NeoBundleLock vim-transpose b4a4d96c90e98fe39bd80534dc7b43d7eaaeb409
NeoBundleLock vim-unimpaired 3548479cc154154cbdbb6737ca08a47937cc7113
NeoBundleLock vim-vroom beb350fc741942891318e94e1e4025e7b1cdffca
NeoBundleLock vimproc 04b45cd80f48f66daed04a1a48a7ea4e7d316086
NeoBundleLock vimshell.vim 9fc163d57f6bb548df3e322c3db418c3f4226020
NeoBundleLock vimwiki cb5c38a575bcdffa52747aef962dc9d61c7a8207
NeoBundleLock vital.vim de910cae5cabbf6e7f0e545aec1efbba2d593f1a
